
Microsoft Visual Studio Solution File, Format Version 12.00
# Visual Studio 2012
Project("{8BC9CEB8-8B4A-11D0-8D11-00A0C91BC942}") = "Server", "Server\Server.vcxproj", "{15965CCC-3480-4A24-AE04-34A08248E63F}"
EndProject
Project("{8BC9CEB8-8B4A-11D0-8D11-00A0C91BC942}") = "Client", "Client\Client.vcxproj", "{0B424C6D-7E28-42B9-A227-B00454CC2A7C}"
EndProject
Global
	GlobalSection(SolutionConfigurationPlatforms) = preSolution
		Debug|Win32 = Debug|Win32
		Release|Win32 = Release|Win32
	EndGlobalSection
	GlobalSection(ProjectConfigurationPlatforms) = postSolution
		{15965CCC-3480-4A24-AE04-34A08248E63F}.Debug|Win32.ActiveCfg = Debug|Win32
		{15965CCC-3480-4A24-AE04-34A08248E63F}.Debug|Win32.Build.0 = Debug|Win32
		{15965CCC-3480-4A24-AE04-34A08248E63F}.Release|Win32.ActiveCfg = Release|Win32
		{15965CCC-3480-4A24-AE04-34A08248E63F}.Release|Win32.Build.0 = Release|Win32
		{0B424C6D-7E28-42B9-A227-B00454CC2A7C}.Debug|Win32.ActiveCfg = Debug|Win32
		{0B424C6D-7E28-42B9-A227-B00454CC2A7C}.Debug|Win32.Build.0 = Debug|Win32
		{0B424C6D-7E28-42B9-A227-B00454CC2A7C}.Release|Win32.ActiveCfg = Release|Win32
		{0B424C6D-7E28-42B9-A227-B00454CC2A7C}.Release|Win32.Build.0 = Release|Win32
	EndGlobalSection
	GlobalSection(SolutionProperties) = preSolution
		HideSolutionNode = FALSE
	EndGlobalSection
EndGlobal
